
Microsoft Visual Studio Solution File, Format Version 12.00
# Visual Studio Version 16
VisualStudioVersion = 16.0.30320.27
MinimumVisualStudioVersion = 10.0.40219.1
Project("{9A19103F-16F7-4668-BE54-9A1E7A4F7556}") = "Lucene.Net.Store.LiteDbDirectory", "Lucene.Net.Store.LiteDbDirectory\Lucene.Net.Store.LiteDbDirectory.csproj", "{5A0867B5-99BD-438B-B94A-8AF2617DA76E}"
EndProject
Project("{FAE04EC0-301F-11D3-BF4B-00C04F79EFBC}") = "LiteDbDirectoryDemo", "LiteDbDirectoryDemo\LiteDbDirectoryDemo.csproj", "{24E58607-8637-4F22-97D2-A6341298F47A}"
EndProject
Global
	GlobalSection(SolutionConfigurationPlatforms) = preSolution
		Debug|Any CPU = Debug|Any CPU
		Release|Any CPU = Release|Any CPU
	EndGlobalSection
	GlobalSection(ProjectConfigurationPlatforms) = postSolution
		{5A0867B5-99BD-438B-B94A-8AF2617DA76E}.Debug|Any CPU.ActiveCfg = Debug|Any CPU
		{5A0867B5-99BD-438B-B94A-8AF2617DA76E}.Debug|Any CPU.Build.0 = Debug|Any CPU
		{5A0867B5-99BD-438B-B94A-8AF2617DA76E}.Release|Any CPU.ActiveCfg = Release|Any CPU
		{5A0867B5-99BD-438B-B94A-8AF2617DA76E}.Release|Any CPU.Build.0 = Release|Any CPU
		{24E58607-8637-4F22-97D2-A6341298F47A}.Debug|Any CPU.ActiveCfg = Debug|Any CPU
		{24E58607-8637-4F22-97D2-A6341298F47A}.Debug|Any CPU.Build.0 = Debug|Any CPU
		{24E58607-8637-4F22-97D2-A6341298F47A}.Release|Any CPU.ActiveCfg = Release|Any CPU
		{24E58607-8637-4F22-97D2-A6341298F47A}.Release|Any CPU.Build.0 = Release|Any CPU
	EndGlobalSection
	GlobalSection(SolutionProperties) = preSolution
		HideSolutionNode = FALSE
	EndGlobalSection
	GlobalSection(ExtensibilityGlobals) = postSolution
		SolutionGuid = {D10EA5EB-F023-4EE4-981E-E7BC5A8FE9E6}
	EndGlobalSection
EndGlobal
