
Microsoft Visual Studio Solution File, Format Version 12.00
# Visual Studio 14
VisualStudioVersion = 14.0.25420.1
MinimumVisualStudioVersion = 10.0.40219.1
Project("{FAE04EC0-301F-11D3-BF4B-00C04F79EFBC}") = "Lucene.Net.Store.LiteDbDirectory", "Lucene.Net.Store.LiteDbDirectory\Lucene.Net.Store.LiteDbDirectory.csproj", "{5A0867B5-99BD-438B-B94A-8AF2617DA76E}"
EndProject
Project("{FAE04EC0-301F-11D3-BF4B-00C04F79EFBC}") = "LiteDbDirectoryDemo", "LiteDbDirectoryDemo\LiteDbDirectoryDemo.csproj", "{07619B50-F0A6-4E19-9578-E74C47E9B3A7}"
EndProject
Global
	GlobalSection(SolutionConfigurationPlatforms) = preSolution
		Debug|Any CPU = Debug|Any CPU
		Release|Any CPU = Release|Any CPU
	EndGlobalSection
	GlobalSection(ProjectConfigurationPlatforms) = postSolution
		{5A0867B5-99BD-438B-B94A-8AF2617DA76E}.Debug|Any CPU.ActiveCfg = Debug|Any CPU
		{5A0867B5-99BD-438B-B94A-8AF2617DA76E}.Debug|Any CPU.Build.0 = Debug|Any CPU
		{5A0867B5-99BD-438B-B94A-8AF2617DA76E}.Release|Any CPU.ActiveCfg = Release|Any CPU
		{5A0867B5-99BD-438B-B94A-8AF2617DA76E}.Release|Any CPU.Build.0 = Release|Any CPU
		{07619B50-F0A6-4E19-9578-E74C47E9B3A7}.Debug|Any CPU.ActiveCfg = Debug|Any CPU
		{07619B50-F0A6-4E19-9578-E74C47E9B3A7}.Debug|Any CPU.Build.0 = Debug|Any CPU
		{07619B50-F0A6-4E19-9578-E74C47E9B3A7}.Release|Any CPU.ActiveCfg = Release|Any CPU
		{07619B50-F0A6-4E19-9578-E74C47E9B3A7}.Release|Any CPU.Build.0 = Release|Any CPU
	EndGlobalSection
	GlobalSection(SolutionProperties) = preSolution
		HideSolutionNode = FALSE
	EndGlobalSection
EndGlobal
